
Microsoft Visual Studio Solution File, Format Version 12.00
# Visual Studio Version 17
VisualStudioVersion = 17.11.35312.102
MinimumVisualStudioVersion = 10.0.40219.1
Project("{FAE04EC0-301F-11D3-BF4B-00C04F79EFBC}") = "for_holistic", "for_holistic\for_holistic.csproj", "{A53CE445-58EA-4084-8696-DBFB247194D2}"
EndProject
Global
	GlobalSection(SolutionConfigurationPlatforms) = preSolution
		Debug|Any CPU = Debug|Any CPU
		Release|Any CPU = Release|Any CPU
	EndGlobalSection
	GlobalSection(ProjectConfigurationPlatforms) = postSolution
		{A53CE445-58EA-4084-8696-DBFB247194D2}.Debug|Any CPU.ActiveCfg = Debug|Any CPU
		{A53CE445-58EA-4084-8696-DBFB247194D2}.Debug|Any CPU.Build.0 = Debug|Any CPU
		{A53CE445-58EA-4084-8696-DBFB247194D2}.Release|Any CPU.ActiveCfg = Release|Any CPU
		{A53CE445-58EA-4084-8696-DBFB247194D2}.Release|Any CPU.Build.0 = Release|Any CPU
	EndGlobalSection
	GlobalSection(SolutionProperties) = preSolution
		HideSolutionNode = FALSE
	EndGlobalSection
	GlobalSection(ExtensibilityGlobals) = postSolution
		SolutionGuid = {0E212EB3-3806-4BB0-B74B-8A20F35749AD}
	EndGlobalSection
EndGlobal
